
Microsoft Visual Studio Solution File, Format Version 12.00
# Visual Studio Version 16
VisualStudioVersion = 16.0.31321.278
MinimumVisualStudioVersion = 10.0.40219.1
Project("{8BC9CEB8-8B4A-11D0-8D11-00A0C91BC942}") = "task1", "lab6\lab6.vcxproj", "{2B716231-6350-4AFF-8221-C86144CC52EC}"
EndProject
Project("{8BC9CEB8-8B4A-11D0-8D11-00A0C91BC942}") = "task2", "task2\task2.vcxproj", "{6487AB75-4E50-4D9A-9BEC-83EAC57C9B09}"
EndProject
Project("{8BC9CEB8-8B4A-11D0-8D11-00A0C91BC942}") = "task1.0", "task1.0\task1.0.vcxproj", "{60ECF365-4D7A-4936-A974-D569CE9A9609}"
EndProject
Global
	GlobalSection(SolutionConfigurationPlatforms) = preSolution
		Debug|x64 = Debug|x64
		Debug|x86 = Debug|x86
		Release|x64 = Release|x64
		Release|x86 = Release|x86
	EndGlobalSection
	GlobalSection(ProjectConfigurationPlatforms) = postSolution
		{2B716231-6350-4AFF-8221-C86144CC52EC}.Debug|x64.ActiveCfg = Debug|x64
		{2B716231-6350-4AFF-8221-C86144CC52EC}.Debug|x64.Build.0 = Debug|x64
		{2B716231-6350-4AFF-8221-C86144CC52EC}.Debug|x86.ActiveCfg = Debug|Win32
		{2B716231-6350-4AFF-8221-C86144CC52EC}.Debug|x86.Build.0 = Debug|Win32
		{2B716231-6350-4AFF-8221-C86144CC52EC}.Release|x64.ActiveCfg = Release|x64
		{2B716231-6350-4AFF-8221-C86144CC52EC}.Release|x64.Build.0 = Release|x64
		{2B716231-6350-4AFF-8221-C86144CC52EC}.Release|x86.ActiveCfg = Release|Win32
		{2B716231-6350-4AFF-8221-C86144CC52EC}.Release|x86.Build.0 = Release|Win32
		{6487AB75-4E50-4D9A-9BEC-83EAC57C9B09}.Debug|x64.ActiveCfg = Debug|x64
		{6487AB75-4E50-4D9A-9BEC-83EAC57C9B09}.Debug|x64.Build.0 = Debug|x64
		{6487AB75-4E50-4D9A-9BEC-83EAC57C9B09}.Debug|x86.ActiveCfg = Debug|Win32
		{6487AB75-4E50-4D9A-9BEC-83EAC57C9B09}.Debug|x86.Build.0 = Debug|Win32
		{6487AB75-4E50-4D9A-9BEC-83EAC57C9B09}.Release|x64.ActiveCfg = Release|x64
		{6487AB75-4E50-4D9A-9BEC-83EAC57C9B09}.Release|x64.Build.0 = Release|x64
		{6487AB75-4E50-4D9A-9BEC-83EAC57C9B09}.Release|x86.ActiveCfg = Release|Win32
		{6487AB75-4E50-4D9A-9BEC-83EAC57C9B09}.Release|x86.Build.0 = Release|Win32
		{60ECF365-4D7A-4936-A974-D569CE9A9609}.Debug|x64.ActiveCfg = Debug|x64
		{60ECF365-4D7A-4936-A974-D569CE9A9609}.Debug|x64.Build.0 = Debug|x64
		{60ECF365-4D7A-4936-A974-D569CE9A9609}.Debug|x86.ActiveCfg = Debug|Win32
		{60ECF365-4D7A-4936-A974-D569CE9A9609}.Debug|x86.Build.0 = Debug|Win32
		{60ECF365-4D7A-4936-A974-D569CE9A9609}.Release|x64.ActiveCfg = Release|x64
		{60ECF365-4D7A-4936-A974-D569CE9A9609}.Release|x64.Build.0 = Release|x64
		{60ECF365-4D7A-4936-A974-D569CE9A9609}.Release|x86.ActiveCfg = Release|Win32
		{60ECF365-4D7A-4936-A974-D569CE9A9609}.Release|x86.Build.0 = Release|Win32
	EndGlobalSection
	GlobalSection(SolutionProperties) = preSolution
		HideSolutionNode = FALSE
	EndGlobalSection
	GlobalSection(ExtensibilityGlobals) = postSolution
		SolutionGuid = {652DA027-6841-47A4-BC8C-02386A4459EC}
	EndGlobalSection
EndGlobal
